
Microsoft Visual Studio Solution File, Format Version 11.00
# Visual Studio 2010
Project("{FAE04EC0-301F-11D3-BF4B-00C04F79EFBC}") = "AcceleratorsHttpModules", "AcceleratorsHttpModules\AcceleratorsHttpModules.csproj", "{2C7E2BC9-EF37-49CB-9D0B-2CC94A4DFE3A}"
EndProject
Global
	GlobalSection(SolutionConfigurationPlatforms) = preSolution
		Debug|Any CPU = Debug|Any CPU
		Release|Any CPU = Release|Any CPU
	EndGlobalSection
	GlobalSection(ProjectConfigurationPlatforms) = postSolution
		{2C7E2BC9-EF37-49CB-9D0B-2CC94A4DFE3A}.Debug|Any CPU.ActiveCfg = Debug|Any CPU
		{2C7E2BC9-EF37-49CB-9D0B-2CC94A4DFE3A}.Debug|Any CPU.Build.0 = Debug|Any CPU
		{2C7E2BC9-EF37-49CB-9D0B-2CC94A4DFE3A}.Release|Any CPU.ActiveCfg = Release|Any CPU
		{2C7E2BC9-EF37-49CB-9D0B-2CC94A4DFE3A}.Release|Any CPU.Build.0 = Release|Any CPU
	EndGlobalSection
	GlobalSection(SolutionProperties) = preSolution
		HideSolutionNode = FALSE
	EndGlobalSection
EndGlobal
